{
  "nodes": {
    "click": {
      "inputs": {
        "flake-lib": [
          "flake-lib"
        ],
        "flake-utils": [
          "flake-utils"
        ],
        "nixpkgs": [
          "nixpkgs"
        ]
      },
      "locked": {
        "lastModified": 1789733002,
        "narHash": "sha256-vae3NJJANLWPeGcFsLrm1kjLIKiAT+ITa4td3NNueoE=",
        "owner": "jgus-org",
        "repo": "click-flake",
        "rev": "3ef2f3070ff7cba20b29226ceae91a36b73d17c4",
        "type": "github"
      },
      "original": {
        "owner": "jgus-org",
        "repo": "click-flake",
        "type": "github"
      }
    },
    "flake-lib": {
      "inputs": {
        "flake-utils": [
          "flake-utils"
        ],
        "nixpkgs": [
          "nixpkgs"
        ]
      },
      "locked": {
        "lastModified": 1789674197,
        "narHash": "sha256-6dOROv8ql9PAP2ET9TaTLLEI2FAnIWCXKyuSElDb7PQ=",
        "owner": "jgus-org",
        "repo": "flake-lib",
        "rev": "8ed776af25c5695c72712c39fe2077ac23e85066",
        "type": "github"
      },
      "original": {
        "owner": "jgus-org",
        "ref": "v1",
        "repo": "flake-lib",
        "type": "github"
      }
    },
    "flake-utils": {
      "inputs": {
        "systems": "systems"
      },
      "locked": {
        "lastModified": 1731533236,
        "narHash": "sha256-l0KFg5HjrsfsO/JpG+r7fRrqm12kzFHyUHqHCVpMMbI=",
        "owner": "numtide",
        "repo": "flake-utils",
        "rev": "11707dc2f618dd54ca8739b309ec4fc024de578b",
        "type": "github"
      },
      "original": {
        "owner": "numtide",
        "repo": "flake-utils",
        "type": "github"
      }
    },
    "hf-xet": {
      "inputs": {
        "flake-lib": [
          "flake-lib"
        ],
        "flake-utils": [
          "flake-utils"
        ],
        "nixpkgs": [
          "nixpkgs"
        ]
      },
      "locked": {
        "lastModified": 1789732718,
        "narHash": "sha256-g08oJ5NcZPOwQUA0TLbz5qR5WuEsfk2v2wDQ+qrr7i4=",
        "owner": "jgus-org",
        "repo": "hf-xet-flake",
        "rev": "50367001bd702ca250934e5d1b7a1b9152fb9e18",
        "type": "github"
      },
      "original": {
        "owner": "jgus-org",
        "repo": "hf-xet-flake",
        "type": "github"
      }
    },
    "nixpkgs": {
      "locked": {
        "lastModified": 1789632929,
        "narHash": "sha256-RjR8AyvGlWuw16XRj7C1YDEw4E27ciuyPeB2nDMzgTU=",
        "owner": "NixOS",
        "repo": "nixpkgs",
        "rev": "a32edd7654519351e48e80372a928df336394670",
        "type": "github"
      },
      "original": {
        "owner": "NixOS",
        "ref": "nixpkgs-unstable",
        "repo": "nixpkgs",
        "type": "github"
      }
    },
    "root": {
      "inputs": {
        "click": "click",
        "flake-lib": "flake-lib",
        "flake-utils": "flake-utils",
        "hf-xet": "hf-xet",
        "nixpkgs": "nixpkgs"
      }
    },
    "systems": {
      "locked": {
        "lastModified": 1681028828,
        "narHash": "sha256-Vy1rq5AaRuLzOxct8nz4T6wlgyUR7zLU309k9mBC768=",
        "owner": "nix-systems",
        "repo": "default",
        "rev": "da67096a3b9bf56a91d16901293e51ba5b49a27e",
        "type": "github"
      },
      "original": {
        "owner": "nix-systems",
        "repo": "default",
        "type": "github"
      }
    }
  },
  "root": "root",
  "version": 7
}
