{
  "nodes": {
    "click": {
      "inputs": {
        "flake-lib": [
          "flake-lib"
        ],
        "flake-utils": [
          "flake-utils"
        ],
        "nixpkgs": [
          "nixpkgs"
        ]
      },
      "locked": {
        "lastModified": 1789905613,
        "narHash": "sha256-viH52mZK4lW2YvZ0u8yost7OCEEa6BQ8oH5OWJjhdFU=",
        "owner": "jgus-org",
        "repo": "click-flake",
        "rev": "495da0df6242369e0be3ce2472e22330cf087f0d",
        "type": "github"
      },
      "original": {
        "owner": "jgus-org",
        "repo": "click-flake",
        "type": "github"
      }
    },
    "flake-lib": {
      "inputs": {
        "flake-utils": [
          "flake-utils"
        ],
        "nixpkgs": [
          "nixpkgs"
        ]
      },
      "locked": {
        "lastModified": 1789876000,
        "narHash": "sha256-V0G5aboEa1sdBUq2jP1xiRToAfiYgDiI/klxqaedIKE=",
        "owner": "jgus-org",
        "repo": "flake-lib",
        "rev": "47bdafcd933c385086181f877f203fa0da6134f7",
        "type": "github"
      },
      "original": {
        "owner": "jgus-org",
        "ref": "v1",
        "repo": "flake-lib",
        "type": "github"
      }
    },
    "flake-utils": {
      "inputs": {
        "systems": "systems"
      },
      "locked": {
        "lastModified": 1731533236,
        "narHash": "sha256-l0KFg5HjrsfsO/JpG+r7fRrqm12kzFHyUHqHCVpMMbI=",
        "owner": "numtide",
        "repo": "flake-utils",
        "rev": "11707dc2f618dd54ca8739b309ec4fc024de578b",
        "type": "github"
      },
      "original": {
        "owner": "numtide",
        "repo": "flake-utils",
        "type": "github"
      }
    },
    "hf-xet": {
      "inputs": {
        "flake-lib": [
          "flake-lib"
        ],
        "flake-utils": [
          "flake-utils"
        ],
        "nixpkgs": [
          "nixpkgs"
        ]
      },
      "locked": {
        "lastModified": 1789905298,
        "narHash": "sha256-CmtDtqtpJ9mEx/qEyFaH6ppkBtYQt8j3AHCbtFDH5E4=",
        "owner": "jgus-org",
        "repo": "hf-xet-flake",
        "rev": "5c9995db920998675586a5a1405788ce33cd3b64",
        "type": "github"
      },
      "original": {
        "owner": "jgus-org",
        "repo": "hf-xet-flake",
        "type": "github"
      }
    },
    "nixpkgs": {
      "locked": {
        "lastModified": 1789724158,
        "narHash": "sha256-nlKgrm0dsVhOSopKheVBCcOpiIticufPPVLdVOI0euA=",
        "owner": "NixOS",
        "repo": "nixpkgs",
        "rev": "0a3468a402c449992505b6a9fc5b06580141b750",
        "type": "github"
      },
      "original": {
        "owner": "NixOS",
        "ref": "nixpkgs-unstable",
        "repo": "nixpkgs",
        "type": "github"
      }
    },
    "root": {
      "inputs": {
        "click": "click",
        "flake-lib": "flake-lib",
        "flake-utils": "flake-utils",
        "hf-xet": "hf-xet",
        "nixpkgs": "nixpkgs"
      }
    },
    "systems": {
      "locked": {
        "lastModified": 1681028828,
        "narHash": "sha256-Vy1rq5AaRuLzOxct8nz4T6wlgyUR7zLU309k9mBC768=",
        "owner": "nix-systems",
        "repo": "default",
        "rev": "da67096a3b9bf56a91d16901293e51ba5b49a27e",
        "type": "github"
      },
      "original": {
        "owner": "nix-systems",
        "repo": "default",
        "type": "github"
      }
    }
  },
  "root": "root",
  "version": 7
}
